{
  "nodes": {
    "flake-utils": {
      "inputs": {
        "systems": "systems"
      },
      "locked": {
        "lastModified": 1710146030,
        "narHash": "sha256-SZ5L6eA7HJ/nmkzGG7/ISclqe6oZdOZTNoesiInkXPQ=",
        "owner": "numtide",
        "repo": "flake-utils",
        "rev": "b1d9ab70662946ef0850d488da1c9019f3a9752a",
        "type": "github"
      },
      "original": {
        "owner": "numtide",
        "repo": "flake-utils",
        "type": "github"
      }
    },
    "nixpkgs": {
      "locked": {
        "lastModified": 1725910328,
        "narHash": "sha256-n9pCtzGZ0httmTwMuEbi5E78UQ4ZbQMr1pzi5N0LAG8=",
        "owner": "NixOS",
        "repo": "nixpkgs",
        "rev": "5775c2583f1801df7b790bf7f7d710a19bac66f4",
        "type": "github"
      },
      "original": {
        "owner": "NixOS",
        "ref": "nixpkgs-unstable",
        "repo": "nixpkgs",
        "type": "github"
      }
    },
    "ppad-base16": {
      "inputs": {
        "flake-utils": [
          "ppad-base16",
          "ppad-nixpkgs",
          "flake-utils"
        ],
        "nixpkgs": [
          "ppad-base16",
          "ppad-nixpkgs",
          "nixpkgs"
        ],
        "ppad-nixpkgs": [
          "ppad-nixpkgs"
        ]
      },
      "locked": {
        "lastModified": 1741625558,
        "narHash": "sha256-ZBDXRD5fsVqA5bGrAlcnhiu67Eo50q0M9614nR3NBwY=",
        "ref": "master",
        "rev": "fb63457f2e894eda28250dfe65d0fcd1d195ac2f",
        "revCount": 24,
        "type": "git",
        "url": "git://git.ppad.tech/base16.git"
      },
      "original": {
        "ref": "master",
        "type": "git",
        "url": "git://git.ppad.tech/base16.git"
      }
    },
    "ppad-base58": {
      "inputs": {
        "flake-utils": [
          "ppad-bip32",
          "ppad-base58",
          "ppad-nixpkgs",
          "flake-utils"
        ],
        "nixpkgs": [
          "ppad-bip32",
          "ppad-base58",
          "ppad-nixpkgs",
          "nixpkgs"
        ],
        "ppad-base16": [
          "ppad-bip32",
          "ppad-base16"
        ],
        "ppad-nixpkgs": [
          "ppad-bip32",
          "ppad-nixpkgs"
        ],
        "ppad-sha256": [
          "ppad-bip32",
          "ppad-sha256"
        ]
      },
      "locked": {
        "lastModified": 1750582288,
        "narHash": "sha256-scwPuowiX2/+o4cgxEtmKTZjpSi/E9IMX72aKB3ylkk=",
        "ref": "master",
        "rev": "e36b0a81145b163bdf103d43e31392b272417cbe",
        "revCount": 29,
        "type": "git",
        "url": "git://git.ppad.tech/base58.git"
      },
      "original": {
        "ref": "master",
        "type": "git",
        "url": "git://git.ppad.tech/base58.git"
      }
    },
    "ppad-bip32": {
      "inputs": {
        "flake-utils": [
          "ppad-bip32",
          "ppad-nixpkgs",
          "flake-utils"
        ],
        "nixpkgs": [
          "ppad-bip32",
          "ppad-nixpkgs",
          "nixpkgs"
        ],
        "ppad-base16": [
          "ppad-base16"
        ],
        "ppad-base58": "ppad-base58",
        "ppad-fixed": "ppad-fixed",
        "ppad-nixpkgs": [
          "ppad-nixpkgs"
        ],
        "ppad-ripemd160": "ppad-ripemd160",
        "ppad-secp256k1": "ppad-secp256k1",
        "ppad-sha256": [
          "ppad-sha256"
        ],
        "ppad-sha512": [
          "ppad-sha512"
        ]
      },
      "locked": {
        "lastModified": 1766437840,
        "narHash": "sha256-VfzKdpkxgFcikXfgLg4HMReXJ5NF2XXf0yOQl5awTnY=",
        "ref": "master",
        "rev": "948c5e477175306875a5227cfde64bdc0365c739",
        "revCount": 55,
        "type": "git",
        "url": "git://git.ppad.tech/bip32.git"
      },
      "original": {
        "ref": "master",
        "type": "git",
        "url": "git://git.ppad.tech/bip32.git"
      }
    },
    "ppad-fixed": {
      "inputs": {
        "flake-utils": [
          "ppad-bip32",
          "ppad-fixed",
          "ppad-nixpkgs",
          "flake-utils"
        ],
        "nixpkgs": [
          "ppad-bip32",
          "ppad-fixed",
          "ppad-nixpkgs",
          "nixpkgs"
        ],
        "ppad-nixpkgs": [
          "ppad-bip32",
          "ppad-nixpkgs"
        ]
      },
      "locked": {
        "lastModified": 1766362512,
        "narHash": "sha256-uQ2PW6AuO5ihjQuaedKUjpCzXBNd+yrZWxQl7kz6QwE=",
        "ref": "master",
        "rev": "703e7e3659198a1ead37cb4b3e6dbcd995b8dd45",
        "revCount": 255,
        "type": "git",
        "url": "git://git.ppad.tech/fixed.git"
      },
      "original": {
        "ref": "master",
        "type": "git",
        "url": "git://git.ppad.tech/fixed.git"
      }
    },
    "ppad-hmac-drbg": {
      "inputs": {
        "flake-utils": [
          "ppad-bip32",
          "ppad-secp256k1",
          "ppad-hmac-drbg",
          "ppad-nixpkgs",
          "flake-utils"
        ],
        "nixpkgs": [
          "ppad-bip32",
          "ppad-secp256k1",
          "ppad-hmac-drbg",
          "ppad-nixpkgs",
          "nixpkgs"
        ],
        "ppad-base16": [
          "ppad-bip32",
          "ppad-secp256k1",
          "ppad-base16"
        ],
        "ppad-nixpkgs": [
          "ppad-bip32",
          "ppad-secp256k1",
          "ppad-nixpkgs"
        ],
        "ppad-sha256": [
          "ppad-bip32",
          "ppad-secp256k1",
          "ppad-sha256"
        ],
        "ppad-sha512": [
          "ppad-bip32",
          "ppad-secp256k1",
          "ppad-sha512"
        ]
      },
      "locked": {
        "lastModified": 1766436802,
        "narHash": "sha256-cZBaR5zBpguiusf3/BzjwrMY63FoXDVGuas+e8QyjTc=",
        "ref": "master",
        "rev": "c23408f69f64d41c3d5478801bb16c0603b4e43b",
        "revCount": 53,
        "type": "git",
        "url": "git://git.ppad.tech/hmac-drbg.git"
      },
      "original": {
        "ref": "master",
        "type": "git",
        "url": "git://git.ppad.tech/hmac-drbg.git"
      }
    },
    "ppad-nixpkgs": {
      "inputs": {
        "flake-utils": "flake-utils",
        "nixpkgs": "nixpkgs"
      },
      "locked": {
        "lastModified": 1737297101,
        "narHash": "sha256-EnXnq+JLflbWt+DvaGGnY2gfAqsGNOm5vPgHh3hkfwQ=",
        "ref": "master",
        "rev": "f29823875250bc99b3891f7373535ccde9a29a44",
        "revCount": 1,
        "type": "git",
        "url": "git://git.ppad.tech/nixpkgs.git"
      },
      "original": {
        "ref": "master",
        "type": "git",
        "url": "git://git.ppad.tech/nixpkgs.git"
      }
    },
    "ppad-pbkdf": {
      "inputs": {
        "flake-utils": [
          "ppad-pbkdf",
          "ppad-nixpkgs",
          "flake-utils"
        ],
        "nixpkgs": [
          "ppad-pbkdf",
          "ppad-nixpkgs",
          "nixpkgs"
        ],
        "ppad-base16": [
          "ppad-base16"
        ],
        "ppad-nixpkgs": [
          "ppad-nixpkgs"
        ],
        "ppad-sha256": [
          "ppad-sha256"
        ],
        "ppad-sha512": [
          "ppad-sha512"
        ]
      },
      "locked": {
        "lastModified": 1766443383,
        "narHash": "sha256-+FjF8wCtcY5t18PzMWWeiRNbj6x28v/zsOZ/QZ3pPLY=",
        "ref": "master",
        "rev": "f57238108ff1feaa1b7ec95bee3953a5a0236cf7",
        "revCount": 16,
        "type": "git",
        "url": "git://git.ppad.tech/pbkdf.git"
      },
      "original": {
        "ref": "master",
        "type": "git",
        "url": "git://git.ppad.tech/pbkdf.git"
      }
    },
    "ppad-ripemd160": {
      "inputs": {
        "flake-utils": [
          "ppad-bip32",
          "ppad-ripemd160",
          "ppad-nixpkgs",
          "flake-utils"
        ],
        "nixpkgs": [
          "ppad-bip32",
          "ppad-ripemd160",
          "ppad-nixpkgs",
          "nixpkgs"
        ],
        "ppad-base16": [
          "ppad-bip32",
          "ppad-base16"
        ],
        "ppad-nixpkgs": [
          "ppad-bip32",
          "ppad-nixpkgs"
        ]
      },
      "locked": {
        "lastModified": 1750583200,
        "narHash": "sha256-nVW/anVOzCiMcRmqQlbmT0LRmT6XjCKSH6DxubhL/sI=",
        "ref": "master",
        "rev": "84eaa4264fe5e638004ea42d2dedbc2d12b1df91",
        "revCount": 27,
        "type": "git",
        "url": "git://git.ppad.tech/ripemd160.git"
      },
      "original": {
        "ref": "master",
        "type": "git",
        "url": "git://git.ppad.tech/ripemd160.git"
      }
    },
    "ppad-secp256k1": {
      "inputs": {
        "flake-utils": [
          "ppad-bip32",
          "ppad-secp256k1",
          "ppad-nixpkgs",
          "flake-utils"
        ],
        "nixpkgs": [
          "ppad-bip32",
          "ppad-secp256k1",
          "ppad-nixpkgs",
          "nixpkgs"
        ],
        "ppad-base16": [
          "ppad-bip32",
          "ppad-base16"
        ],
        "ppad-fixed": [
          "ppad-bip32",
          "ppad-fixed"
        ],
        "ppad-hmac-drbg": "ppad-hmac-drbg",
        "ppad-nixpkgs": [
          "ppad-bip32",
          "ppad-nixpkgs"
        ],
        "ppad-sha256": [
          "ppad-bip32",
          "ppad-sha256"
        ],
        "ppad-sha512": [
          "ppad-bip32",
          "ppad-sha512"
        ]
      },
      "locked": {
        "lastModified": 1766437039,
        "narHash": "sha256-kBWdl/ENxhOxExPIoV7Ie2E3g6NHTuKEsyaOpEPKVUA=",
        "ref": "master",
        "rev": "07e360a0da43053bff65c81f5e992fb37fa4e996",
        "revCount": 221,
        "type": "git",
        "url": "git://git.ppad.tech/secp256k1.git"
      },
      "original": {
        "ref": "master",
        "type": "git",
        "url": "git://git.ppad.tech/secp256k1.git"
      }
    },
    "ppad-sha256": {
      "inputs": {
        "flake-utils": [
          "ppad-sha256",
          "ppad-nixpkgs",
          "flake-utils"
        ],
        "nixpkgs": [
          "ppad-sha256",
          "ppad-nixpkgs",
          "nixpkgs"
        ],
        "ppad-base16": [
          "ppad-base16"
        ],
        "ppad-nixpkgs": [
          "ppad-nixpkgs"
        ]
      },
      "locked": {
        "lastModified": 1766435555,
        "narHash": "sha256-ysN0iRuBLSQrgWU3rCFUyq0NvRpug6DTBRZSlWbmI1A=",
        "ref": "master",
        "rev": "a4c17689cd66e1ef35c667914765cb24c9a4b305",
        "revCount": 96,
        "type": "git",
        "url": "git://git.ppad.tech/sha256.git"
      },
      "original": {
        "ref": "master",
        "type": "git",
        "url": "git://git.ppad.tech/sha256.git"
      }
    },
    "ppad-sha512": {
      "inputs": {
        "flake-utils": [
          "ppad-sha512",
          "ppad-nixpkgs",
          "flake-utils"
        ],
        "nixpkgs": [
          "ppad-sha512",
          "ppad-nixpkgs",
          "nixpkgs"
        ],
        "ppad-base16": [
          "ppad-base16"
        ],
        "ppad-nixpkgs": [
          "ppad-nixpkgs"
        ]
      },
      "locked": {
        "lastModified": 1766437426,
        "narHash": "sha256-vn0nUVrMqux2PorMOZlx3RAqylf88BTw+jRMXC0gIz8=",
        "ref": "master",
        "rev": "669c4ffd1cc7826876af2d67661738c2081ea6a9",
        "revCount": 31,
        "type": "git",
        "url": "git://git.ppad.tech/sha512.git"
      },
      "original": {
        "ref": "master",
        "type": "git",
        "url": "git://git.ppad.tech/sha512.git"
      }
    },
    "root": {
      "inputs": {
        "flake-utils": [
          "ppad-nixpkgs",
          "flake-utils"
        ],
        "nixpkgs": [
          "ppad-nixpkgs",
          "nixpkgs"
        ],
        "ppad-base16": "ppad-base16",
        "ppad-bip32": "ppad-bip32",
        "ppad-nixpkgs": "ppad-nixpkgs",
        "ppad-pbkdf": "ppad-pbkdf",
        "ppad-sha256": "ppad-sha256",
        "ppad-sha512": "ppad-sha512"
      }
    },
    "systems": {
      "locked": {
        "lastModified": 1681028828,
        "narHash": "sha256-Vy1rq5AaRuLzOxct8nz4T6wlgyUR7zLU309k9mBC768=",
        "owner": "nix-systems",
        "repo": "default",
        "rev": "da67096a3b9bf56a91d16901293e51ba5b49a27e",
        "type": "github"
      },
      "original": {
        "owner": "nix-systems",
        "repo": "default",
        "type": "github"
      }
    }
  },
  "root": "root",
  "version": 7
}
